
Microsoft Visual Studio Solution File, Format Version 12.00
# Visual Studio 15
VisualStudioVersion = 15.0.26730.12
MinimumVisualStudioVersion = 10.0.40219.1
Project("{9A19103F-16F7-4668-BE54-9A1E7A4F7556}") = "SoClicheWines", "SoClicheWines.csproj", "{C86C14FA-E2AB-457E-9BFF-3F1FAF5FD6F8}"
EndProject
Global
	GlobalSection(SolutionConfigurationPlatforms) = preSolution
		Debug|Any CPU = Debug|Any CPU
		Release|Any CPU = Release|Any CPU
	EndGlobalSection
	GlobalSection(ProjectConfigurationPlatforms) = postSolution
		{C86C14FA-E2AB-457E-9BFF-3F1FAF5FD6F8}.Debug|Any CPU.ActiveCfg = Debug|Any CPU
		{C86C14FA-E2AB-457E-9BFF-3F1FAF5FD6F8}.Debug|Any CPU.Build.0 = Debug|Any CPU
		{C86C14FA-E2AB-457E-9BFF-3F1FAF5FD6F8}.Release|Any CPU.ActiveCfg = Release|Any CPU
		{C86C14FA-E2AB-457E-9BFF-3F1FAF5FD6F8}.Release|Any CPU.Build.0 = Release|Any CPU
	EndGlobalSection
	GlobalSection(SolutionProperties) = preSolution
		HideSolutionNode = FALSE
	EndGlobalSection
	GlobalSection(ExtensibilityGlobals) = postSolution
		SolutionGuid = {2F017704-47EF-44BA-A31E-7492D55E2F4D}
	EndGlobalSection
EndGlobal
